Microsoft Visual Studio Solution File, Format Version 12.00
# Visual Studio Version 17
VisualStudioVersion = 17.5.2.0
MinimumVisualStudioVersion = 10.0.40219.1
Project("{FAE04EC0-301F-11D3-BF4B-00C04F79EFBC}") = "ClinicaMedica", "ClinicaMedica\ClinicaMedica.csproj", "{81174F4F-34E0-D3AB-CD21-D9D23A38B0C7}"
EndProject
Global
	GlobalSection(SolutionConfigurationPlatforms) = preSolution
		Debug|Any CPU = Debug|Any CPU
		Release|Any CPU = Release|Any CPU
	EndGlobalSection
	GlobalSection(ProjectConfigurationPlatforms) = postSolution
		{81174F4F-34E0-D3AB-CD21-D9D23A38B0C7}.Debug|Any CPU.ActiveCfg = Debug|Any CPU
		{81174F4F-34E0-D3AB-CD21-D9D23A38B0C7}.Debug|Any CPU.Build.0 = Debug|Any CPU
		{81174F4F-34E0-D3AB-CD21-D9D23A38B0C7}.Release|Any CPU.ActiveCfg = Release|Any CPU
		{81174F4F-34E0-D3AB-CD21-D9D23A38B0C7}.Release|Any CPU.Build.0 = Release|Any CPU
	EndGlobalSection
	GlobalSection(SolutionProperties) = preSolution
		HideSolutionNode = FALSE
	EndGlobalSection
	GlobalSection(ExtensibilityGlobals) = postSolution
		SolutionGuid = {EE81E498-0E24-4B6F-AD8C-3B220D762D51}
	EndGlobalSection
EndGlobal
